
Microsoft Visual Studio Solution File, Format Version 12.00
# Blend for Visual Studio Version 17
VisualStudioVersion = 17.6.33829.357
MinimumVisualStudioVersion = 10.0.40219.1
Project("{FAE04EC0-301F-11D3-BF4B-00C04F79EFBC}") = "BrowserWpf", "BrowserWpf.csproj", "{CC0F3439-9108-4155-8B8C-87D007866BB7}"
EndProject
Global
	GlobalSection(SolutionConfigurationPlatforms) = preSolution
		Debug|Any CPU = Debug|Any CPU
		Release|Any CPU = Release|Any CPU
	EndGlobalSection
	GlobalSection(ProjectConfigurationPlatforms) = postSolution
		{CC0F3439-9108-4155-8B8C-87D007866BB7}.Debug|Any CPU.ActiveCfg = Debug|Any CPU
		{CC0F3439-9108-4155-8B8C-87D007866BB7}.Debug|Any CPU.Build.0 = Debug|Any CPU
		{CC0F3439-9108-4155-8B8C-87D007866BB7}.Release|Any CPU.ActiveCfg = Release|Any CPU
		{CC0F3439-9108-4155-8B8C-87D007866BB7}.Release|Any CPU.Build.0 = Release|Any CPU
	EndGlobalSection
	GlobalSection(SolutionProperties) = preSolution
		HideSolutionNode = FALSE
	EndGlobalSection
	GlobalSection(ExtensibilityGlobals) = postSolution
		SolutionGuid = {7F91CF51-279E-4578-8D4F-ABDAFBAE31A9}
	EndGlobalSection
EndGlobal
